PODS:
  - Alamofire (4.4.0)
  - ModelMapper (5.0.0)
  - Moya (8.0.0-beta.4):
    - Moya/Core (= 8.0.0-beta.4)
  - Moya-ModelMapper/Core (4.0.0-beta.3):
    - ModelMapper (= 5.0.0)
    - Moya (= 8.0.0-beta.4)
  - Moya-ModelMapper/RxSwift (4.0.0-beta.3):
    - Moya-ModelMapper/Core
    - Moya/RxSwift (= 8.0.0-beta.4)
    - RxSwift (~> 3.0.0)
  - Moya/Core (8.0.0-beta.4):
    - Alamofire (~> 4.0)
    - Result (~> 3.0)
  - Moya/RxSwift (8.0.0-beta.4):
    - Moya/Core
    - RxSwift (~> 3.0)
  - ReachabilitySwift (3)
  - Realm (2.4.3):
    - Realm/Headers (= 2.4.3)
  - Realm/Headers (2.4.3)
  - RealmSwift (2.4.3):
    - Realm (= 2.4.3)
  - Result (3.2.0)
  - RxCocoa (3.0.1):
    - RxSwift (~> 3.0)
  - RxSwift (3.0.1)
  - SDWebImage (4.0.0):
    - SDWebImage/Core (= 4.0.0)
  - SDWebImage/Core (4.0.0)

DEPENDENCIES:
  - Moya-ModelMapper/RxSwift (= 4.0.0-beta.3)
  - Moya/RxSwift (= 8.0.0-beta.4)
  - ReachabilitySwift (~> 3)
  - RealmSwift
  - RxCocoa
  - SDWebImage

SPEC CHECKSUMS:
  Alamofire: dc44b1600b800eb63da6a19039a0083d62a6a62d
  ModelMapper: 89ced1f51ec6360e93f6889d08c818d4cad526a3
  Moya: bad6f72ec40661f09a8cd85ab470226d2795a485
  Moya-ModelMapper: d7c1946ee93bf3b556bcdb9f203dc0fc5afd497b
  ReachabilitySwift: f5b9bb30a0777fac8f09ce8b067e32faeb29bb64
  Realm: e08d60b0048ccccd3949c8c28a92c4db5712d7e9
  RealmSwift: 30d49739ccb3385d201242736ca4dda56aec9dfc
  Result: 5a6705171c0613cc5fbf6ec55ff520cc62a8e81d
  RxCocoa: 15a52fc590dcc700cb4a690a633b5c5184ce3a78
  RxSwift: af5680055c4ad04480189c52d28385b1029493a6
  SDWebImage: 76a6348bdc74eb5a55dd08a091ef298e56b55e41

PODFILE CHECKSUM: 046516cd5292a9227141a8f0ee0d47533cc2fd4d

COCOAPODS: 1.2.0
